// !$*UTF8*$!
{
	archiveVersion = 1;
	classes = {
	};
	objectVersion = 46;
	objects = {

/* Begin PBXBuildFile section */
		09059A371DF277C000DA572A /* DancingShoesViewController.swift in Sources */ = {isa = PBXBuildFile; fileRef = 09059A361DF277C000DA572A /* DancingShoesViewController.swift */; };
		09059A3A1DF28CDE00DA572A /* LoginVC.swift in Sources */ = {isa = PBXBuildFile; fileRef = 09059A391DF28CDE00DA572A /* LoginVC.swift */; };
		09059A3E1DF308FC00DA572A /* RegisterVC.swift in Sources */ = {isa = PBXBuildFile; fileRef = 09059A3D1DF308FC00DA572A /* RegisterVC.swift */; };
		09059A431DF3DE0800DA572A /* EditUserProfileVC.swift in Sources */ = {isa = PBXBuildFile; fileRef = 09059A421DF3DE0800DA572A /* EditUserProfileVC.swift */; };
		09059A451DF3DF3400DA572A /* EditUserName.swift in Sources */ = {isa = PBXBuildFile; fileRef = 09059A441DF3DF3400DA572A /* EditUserName.swift */; };
		09059A471DF3DF7700DA572A /* EditPhoneNumber.swift in Sources */ = {isa = PBXBuildFile; fileRef = 09059A461DF3DF7700DA572A /* EditPhoneNumber.swift */; };
		09059A491DF3DFA600DA572A /* EditProfilePhoto.swift in Sources */ = {isa = PBXBuildFile; fileRef = 09059A481DF3DFA600DA572A /* EditProfilePhoto.swift */; };
		09059A4B1DF3DFDD00DA572A /* MyIndicator.swift in Sources */ = {isa = PBXBuildFile; fileRef = 09059A4A1DF3DFDD00DA572A /* MyIndicator.swift */; };
		09059A501DF3F7B900DA572A /* FressAddress.swift in Sources */ = {isa = PBXBuildFile; fileRef = 09059A4F1DF3F7B900DA572A /* FressAddress.swift */; };
		09059A521DF3F7D500DA572A /* PostAddress.swift in Sources */ = {isa = PBXBuildFile; fileRef = 09059A511DF3F7D500DA572A /* PostAddress.swift */; };
		09059A541DF3F7FC00DA572A /* AddressCell.swift in Sources */ = {isa = PBXBuildFile; fileRef = 09059A531DF3F7FC00DA572A /* AddressCell.swift */; };
		09059A561DF3F84700DA572A /* MyAddresses.swift in Sources */ = {isa = PBXBuildFile; fileRef = 09059A551DF3F84700DA572A /* MyAddresses.swift */; };
		09059A581DF3F88000DA572A /* EditFressAddress.swift in Sources */ = {isa = PBXBuildFile; fileRef = 09059A571DF3F88000DA572A /* EditFressAddress.swift */; };
		09059A5A1DF3FA3900DA572A /* EditPostAddress.swift in Sources */ = {isa = PBXBuildFile; fileRef = 09059A591DF3FA3900DA572A /* EditPostAddress.swift */; };
		09059A5C1DF3FAD300DA572A /* AddPostAddress.swift in Sources */ = {isa = PBXBuildFile; fileRef = 09059A5B1DF3FAD300DA572A /* AddPostAddress.swift */; };
		092889521DF26A5800A1DCEB /* AppDelegate.swift in Sources */ = {isa = PBXBuildFile; fileRef = 092889511DF26A5800A1DCEB /* AppDelegate.swift */; };
		092889541DF26A5800A1DCEB /* ViewController.swift in Sources */ = {isa = PBXBuildFile; fileRef = 092889531DF26A5800A1DCEB /* ViewController.swift */; };
		092889571DF26A5800A1DCEB /* Main.storyboard in Resources */ = {isa = PBXBuildFile; fileRef = 092889551DF26A5800A1DCEB /* Main.storyboard */; };
		092889591DF26A5800A1DCEB /* Assets.xcassets in Resources */ = {isa = PBXBuildFile; fileRef = 092889581DF26A5800A1DCEB /* Assets.xcassets */; };
		0928895C1DF26A5800A1DCEB /* LaunchScreen.storyboard in Resources */ = {isa = PBXBuildFile; fileRef = 0928895A1DF26A5800A1DCEB /* LaunchScreen.storyboard */; };
		092889661DF26B9F00A1DCEB /* Tabbar.swift in Sources */ = {isa = PBXBuildFile; fileRef = 092889651DF26B9F00A1DCEB /* Tabbar.swift */; };
		092889691DF26D1500A1DCEB /* Tools.swift in Sources */ = {isa = PBXBuildFile; fileRef = 092889681DF26D1500A1DCEB /* Tools.swift */; };
		0928896F1DF26E1200A1DCEB /* StoryTab.swift in Sources */ = {isa = PBXBuildFile; fileRef = 0928896E1DF26E1200A1DCEB /* StoryTab.swift */; };
		092889711DF26E2B00A1DCEB /* ProductTab.swift in Sources */ = {isa = PBXBuildFile; fileRef = 092889701DF26E2B00A1DCEB /* ProductTab.swift */; };
		092889731DF26E3B00A1DCEB /* CartTab.swift in Sources */ = {isa = PBXBuildFile; fileRef = 092889721DF26E3B00A1DCEB /* CartTab.swift */; };
		092889751DF26E4800A1DCEB /* MeTab.swift in Sources */ = {isa = PBXBuildFile; fileRef = 092889741DF26E4800A1DCEB /* MeTab.swift */; };
		093A251A1DF546DF00C28592 /* GoogleService-Info.plist in Resources */ = {isa = PBXBuildFile; fileRef = 093A25191DF546DF00C28592 /* GoogleService-Info.plist */; };
		093A251D1DF6504900C28592 /* ScrollTab.swift in Sources */ = {isa = PBXBuildFile; fileRef = 093A251C1DF6504900C28592 /* ScrollTab.swift */; };
		093A251F1DF6508500C28592 /* ScrollViewControllers.swift in Sources */ = {isa = PBXBuildFile; fileRef = 093A251E1DF6508500C28592 /* ScrollViewControllers.swift */; };
		093A25231DF6513A00C28592 /* ShortProduct.swift in Sources */ = {isa = PBXBuildFile; fileRef = 093A25221DF6513A00C28592 /* ShortProduct.swift */; };
		093A25251DF6517000C28592 /* ShortProductCollectionViewCell.swift in Sources */ = {isa = PBXBuildFile; fileRef = 093A25241DF6517000C28592 /* ShortProductCollectionViewCell.swift */; };
		093A25281DF6525100C28592 /* CategoryProductsListView.swift in Sources */ = {isa = PBXBuildFile; fileRef = 093A25271DF6525100C28592 /* CategoryProductsListView.swift */; };
		093A25301DF6ADC000C28592 /* DetailProductViewController.swift in Sources */ = {isa = PBXBuildFile; fileRef = 093A252F1DF6ADC000C28592 /* DetailProductViewController.swift */; };
		093A25321DF6B1F300C28592 /* DetailProduct.swift in Sources */ = {isa = PBXBuildFile; fileRef = 093A25311DF6B1F300C28592 /* DetailProduct.swift */; };
		093A25341DF6B52C00C28592 /* CarouselView.swift in Sources */ = {isa = PBXBuildFile; fileRef = 093A25331DF6B52C00C28592 /* CarouselView.swift */; };
		093A25361DF6B58E00C28592 /* CarouselCell.swift in Sources */ = {isa = PBXBuildFile; fileRef = 093A25351DF6B58E00C28592 /* CarouselCell.swift */; };
		093A25381DF6BF7600C28592 /* MiddleView.swift in Sources */ = {isa = PBXBuildFile; fileRef = 093A25371DF6BF7600C28592 /* MiddleView.swift */; };
		09429F1B1DF7C06100EF69B6 /* ColorSizeCollectionView.swift in Sources */ = {isa = PBXBuildFile; fileRef = 09429F1A1DF7C06100EF69B6 /* ColorSizeCollectionView.swift */; };
		09429F1D1DF7C15E00EF69B6 /* ColorSizeCell.swift in Sources */ = {isa = PBXBuildFile; fileRef = 09429F1C1DF7C15E00EF69B6 /* ColorSizeCell.swift */; };
		095601631DF99E20000B4DF4 /* InfoView.swift in Sources */ = {isa = PBXBuildFile; fileRef = 095601621DF99E20000B4DF4 /* InfoView.swift */; };
		0966D26C1DFD679B008588D3 /* CartPrd.swift in Sources */ = {isa = PBXBuildFile; fileRef = 0966D26B1DFD679B008588D3 /* CartPrd.swift */; };
		0966D26E1DFD6DA4008588D3 /* CartCell.swift in Sources */ = {isa = PBXBuildFile; fileRef = 0966D26D1DFD6DA4008588D3 /* CartCell.swift */; };
		096A64FE1DFAEB8200EC5752 /* DetailProductViewExt.swift in Sources */ = {isa = PBXBuildFile; fileRef = 096A64FD1DFAEB8200EC5752 /* DetailProductViewExt.swift */; };
		096A65041DFBB18800EC5752 /* FavoritePrd.swift in Sources */ = {isa = PBXBuildFile; fileRef = 096A65031DFBB18800EC5752 /* FavoritePrd.swift */; };
		096A65081DFBB79D00EC5752 /* FavoritePrdCell.swift in Sources */ = {isa = PBXBuildFile; fileRef = 096A65071DFBB79D00EC5752 /* FavoritePrdCell.swift */; };
		096A650A1DFBBBD100EC5752 /* FavoriteVC.swift in Sources */ = {isa = PBXBuildFile; fileRef = 096A65091DFBBBD100EC5752 /* FavoriteVC.swift */; };
		096BF5731E00FF840061F59A /* CheckOutVC.swift in Sources */ = {isa = PBXBuildFile; fileRef = 096BF5721E00FF840061F59A /* CheckOutVC.swift */; };
		096BF5751E010C5F0061F59A /* AddressCard.swift in Sources */ = {isa = PBXBuildFile; fileRef = 096BF5741E010C5F0061F59A /* AddressCard.swift */; };
		096BF5771E0124C20061F59A /* StepperView.swift in Sources */ = {isa = PBXBuildFile; fileRef = 096BF5761E0124C20061F59A /* StepperView.swift */; };
		430008F5153A23603667FFE3 /* Pods_SingtoStore.framework in Frameworks */ = {isa = PBXBuildFile; fileRef = AABEBB40E62B6CF7EA3DD0DF /* Pods_SingtoStore.framework */; };
/* End PBXBuildFile section */

/* Begin PBXFileReference section */
		09059A361DF277C000DA572A /* DancingShoesViewController.swift */ = {isa = PBXFileReference; fileEncoding = 4; lastKnownFileType = sourcecode.swift; path = DancingShoesViewController.swift; sourceTree = "<group>"; };
		09059A391DF28CDE00DA572A /* LoginVC.swift */ = {isa = PBXFileReference; fileEncoding = 4; lastKnownFileType = sourcecode.swift; path = LoginVC.swift; sourceTree = "<group>"; };
		09059A3D1DF308FC00DA572A /* RegisterVC.swift */ = {isa = PBXFileReference; fileEncoding = 4; lastKnownFileType = sourcecode.swift; path = RegisterVC.swift; sourceTree = "<group>"; };
		09059A421DF3DE0800DA572A /* EditUserProfileVC.swift */ = {isa = PBXFileReference; fileEncoding = 4; lastKnownFileType = sourcecode.swift; path = EditUserProfileVC.swift; sourceTree = "<group>"; };
		09059A441DF3DF3400DA572A /* EditUserName.swift */ = {isa = PBXFileReference; fileEncoding = 4; lastKnownFileType = sourcecode.swift; path = EditUserName.swift; sourceTree = "<group>"; };
		09059A461DF3DF7700DA572A /* EditPhoneNumber.swift */ = {isa = PBXFileReference; fileEncoding = 4; lastKnownFileType = sourcecode.swift; path = EditPhoneNumber.swift; sourceTree = "<group>"; };
		09059A481DF3DFA600DA572A /* EditProfilePhoto.swift */ = {isa = PBXFileReference; fileEncoding = 4; lastKnownFileType = sourcecode.swift; path = EditProfilePhoto.swift; sourceTree = "<group>"; };
		09059A4A1DF3DFDD00DA572A /* MyIndicator.swift */ = {isa = PBXFileReference; fileEncoding = 4; lastKnownFileType = sourcecode.swift; path = MyIndicator.swift; sourceTree = "<group>"; };
		09059A4F1DF3F7B900DA572A /* FressAddress.swift */ = {isa = PBXFileReference; fileEncoding = 4; lastKnownFileType = sourcecode.swift; path = FressAddress.swift; sourceTree = "<group>"; };
		09059A511DF3F7D500DA572A /* PostAddress.swift */ = {isa = PBXFileReference; fileEncoding = 4; lastKnownFileType = sourcecode.swift; path = PostAddress.swift; sourceTree = "<group>"; };
		09059A531DF3F7FC00DA572A /* AddressCell.swift */ = {isa = PBXFileReference; fileEncoding = 4; lastKnownFileType = sourcecode.swift; path = AddressCell.swift; sourceTree = "<group>"; };
		09059A551DF3F84700DA572A /* MyAddresses.swift */ = {isa = PBXFileReference; fileEncoding = 4; lastKnownFileType = sourcecode.swift; path = MyAddresses.swift; sourceTree = "<group>"; };
		09059A571DF3F88000DA572A /* EditFressAddress.swift */ = {isa = PBXFileReference; fileEncoding = 4; lastKnownFileType = sourcecode.swift; path = EditFressAddress.swift; sourceTree = "<group>"; };
		09059A591DF3FA3900DA572A /* EditPostAddress.swift */ = {isa = PBXFileReference; fileEncoding = 4; lastKnownFileType = sourcecode.swift; path = EditPostAddress.swift; sourceTree = "<group>"; };
		09059A5B1DF3FAD300DA572A /* AddPostAddress.swift */ = {isa = PBXFileReference; fileEncoding = 4; lastKnownFileType = sourcecode.swift; path = AddPostAddress.swift; sourceTree = "<group>"; };
		0928894E1DF26A5800A1DCEB /* SingtoStore.app */ = {isa = PBXFileReference; explicitFileType = wrapper.application; includeInIndex = 0; path = SingtoStore.app; sourceTree = BUILT_PRODUCTS_DIR; };
		092889511DF26A5800A1DCEB /* AppDelegate.swift */ = {isa = PBXFileReference; lastKnownFileType = sourcecode.swift; path = AppDelegate.swift; sourceTree = "<group>"; };
		092889531DF26A5800A1DCEB /* ViewController.swift */ = {isa = PBXFileReference; lastKnownFileType = sourcecode.swift; path = ViewController.swift; sourceTree = "<group>"; };
		092889561DF26A5800A1DCEB /* Base */ = {isa = PBXFileReference; lastKnownFileType = file.storyboard; name = Base; path = Base.lproj/Main.storyboard; sourceTree = "<group>"; };
		092889581DF26A5800A1DCEB /* Assets.xcassets */ = {isa = PBXFileReference; lastKnownFileType = folder.assetcatalog; path = Assets.xcassets; sourceTree = "<group>"; };
		0928895B1DF26A5800A1DCEB /* Base */ = {isa = PBXFileReference; lastKnownFileType = file.storyboard; name = Base; path = Base.lproj/LaunchScreen.storyboard; sourceTree = "<group>"; };
		0928895D1DF26A5800A1DCEB /* Info.plist */ = {isa = PBXFileReference; lastKnownFileType = text.plist.xml; path = Info.plist; sourceTree = "<group>"; };
		092889631DF26A8800A1DCEB /* SingtoStore.entitlements */ = {isa = PBXFileReference; lastKnownFileType = text.plist.entitlements; path = SingtoStore.entitlements; sourceTree = "<group>"; };
		092889651DF26B9F00A1DCEB /* Tabbar.swift */ = {isa = PBXFileReference; fileEncoding = 4; lastKnownFileType = sourcecode.swift; path = Tabbar.swift; sourceTree = "<group>"; };
		092889681DF26D1500A1DCEB /* Tools.swift */ = {isa = PBXFileReference; fileEncoding = 4; lastKnownFileType = sourcecode.swift; path = Tools.swift; sourceTree = "<group>"; };
		0928896E1DF26E1200A1DCEB /* StoryTab.swift */ = {isa = PBXFileReference; fileEncoding = 4; lastKnownFileType = sourcecode.swift; path = StoryTab.swift; sourceTree = "<group>"; };
		092889701DF26E2B00A1DCEB /* ProductTab.swift */ = {isa = PBXFileReference; fileEncoding = 4; lastKnownFileType = sourcecode.swift; path = ProductTab.swift; sourceTree = "<group>"; };
		092889721DF26E3B00A1DCEB /* CartTab.swift */ = {isa = PBXFileReference; fileEncoding = 4; lastKnownFileType = sourcecode.swift; path = CartTab.swift; sourceTree = "<group>"; };
		092889741DF26E4800A1DCEB /* MeTab.swift */ = {isa = PBXFileReference; fileEncoding = 4; lastKnownFileType = sourcecode.swift; path = MeTab.swift; sourceTree = "<group>"; };
		093A25191DF546DF00C28592 /* GoogleService-Info.plist */ = {isa = PBXFileReference; fileEncoding = 4; lastKnownFileType = text.plist.xml; path = "GoogleService-Info.plist"; sourceTree = "<group>"; };
		093A251C1DF6504900C28592 /* ScrollTab.swift */ = {isa = PBXFileReference; fileEncoding = 4; lastKnownFileType = sourcecode.swift; path = ScrollTab.swift; sourceTree = "<group>"; };
		093A251E1DF6508500C28592 /* ScrollViewControllers.swift */ = {isa = PBXFileReference; fileEncoding = 4; lastKnownFileType = sourcecode.swift; path = ScrollViewControllers.swift; sourceTree = "<group>"; };
		093A25221DF6513A00C28592 /* ShortProduct.swift */ = {isa = PBXFileReference; fileEncoding = 4; lastKnownFileType = sourcecode.swift; path = ShortProduct.swift; sourceTree = "<group>"; };
		093A25241DF6517000C28592 /* ShortProductCollectionViewCell.swift */ = {isa = PBXFileReference; fileEncoding = 4; lastKnownFileType = sourcecode.swift; path = ShortProductCollectionViewCell.swift; sourceTree = "<group>"; };
		093A25271DF6525100C28592 /* CategoryProductsListView.swift */ = {isa = PBXFileReference; fileEncoding = 4; lastKnownFileType = sourcecode.swift; path = CategoryProductsListView.swift; sourceTree = "<group>"; };
		093A252F1DF6ADC000C28592 /* DetailProductViewController.swift */ = {isa = PBXFileReference; fileEncoding = 4; lastKnownFileType = sourcecode.swift; path = DetailProductViewController.swift; sourceTree = "<group>"; };
		093A25311DF6B1F300C28592 /* DetailProduct.swift */ = {isa = PBXFileReference; fileEncoding = 4; lastKnownFileType = sourcecode.swift; path = DetailProduct.swift; sourceTree = "<group>"; };
		093A25331DF6B52C00C28592 /* CarouselView.swift */ = {isa = PBXFileReference; fileEncoding = 4; lastKnownFileType = sourcecode.swift; path = CarouselView.swift; sourceTree = "<group>"; };
		093A25351DF6B58E00C28592 /* CarouselCell.swift */ = {isa = PBXFileReference; fileEncoding = 4; lastKnownFileType = sourcecode.swift; path = CarouselCell.swift; sourceTree = "<group>"; };
		093A25371DF6BF7600C28592 /* MiddleView.swift */ = {isa = PBXFileReference; fileEncoding = 4; lastKnownFileType = sourcecode.swift; path = MiddleView.swift; sourceTree = "<group>"; };
		09429F1A1DF7C06100EF69B6 /* ColorSizeCollectionView.swift */ = {isa = PBXFileReference; fileEncoding = 4; lastKnownFileType = sourcecode.swift; path = ColorSizeCollectionView.swift; sourceTree = "<group>"; };
		09429F1C1DF7C15E00EF69B6 /* ColorSizeCell.swift */ = {isa = PBXFileReference; fileEncoding = 4; lastKnownFileType = sourcecode.swift; path = ColorSizeCell.swift; sourceTree = "<group>"; };
		095601621DF99E20000B4DF4 /* InfoView.swift */ = {isa = PBXFileReference; fileEncoding = 4; lastKnownFileType = sourcecode.swift; path = InfoView.swift; sourceTree = "<group>"; };
		0966D26B1DFD679B008588D3 /* CartPrd.swift */ = {isa = PBXFileReference; fileEncoding = 4; lastKnownFileType = sourcecode.swift; path = CartPrd.swift; sourceTree = "<group>"; };
		0966D26D1DFD6DA4008588D3 /* CartCell.swift */ = {isa = PBXFileReference; fileEncoding = 4; lastKnownFileType = sourcecode.swift; path = CartCell.swift; sourceTree = "<group>"; };
		096A64FD1DFAEB8200EC5752 /* DetailProductViewExt.swift */ = {isa = PBXFileReference; fileEncoding = 4; lastKnownFileType = sourcecode.swift; path = DetailProductViewExt.swift; sourceTree = "<group>"; };
		096A65031DFBB18800EC5752 /* FavoritePrd.swift */ = {isa = PBXFileReference; fileEncoding = 4; lastKnownFileType = sourcecode.swift; path = FavoritePrd.swift; sourceTree = "<group>"; };
		096A65071DFBB79D00EC5752 /* FavoritePrdCell.swift */ = {isa = PBXFileReference; fileEncoding = 4; lastKnownFileType = sourcecode.swift; path = FavoritePrdCell.swift; sourceTree = "<group>"; };
		096A65091DFBBBD100EC5752 /* FavoriteVC.swift */ = {isa = PBXFileReference; fileEncoding = 4; lastKnownFileType = sourcecode.swift; path = FavoriteVC.swift; sourceTree = "<group>"; };
		096BF5721E00FF840061F59A /* CheckOutVC.swift */ = {isa = PBXFileReference; fileEncoding = 4; lastKnownFileType = sourcecode.swift; path = CheckOutVC.swift; sourceTree = "<group>"; };
		096BF5741E010C5F0061F59A /* AddressCard.swift */ = {isa = PBXFileReference; fileEncoding = 4; lastKnownFileType = sourcecode.swift; path = AddressCard.swift; sourceTree = "<group>"; };
		096BF5761E0124C20061F59A /* StepperView.swift */ = {isa = PBXFileReference; fileEncoding = 4; lastKnownFileType = sourcecode.swift; path = StepperView.swift; sourceTree = "<group>"; };
		98F3A6A83D5D930B0F2D357D /* Pods-SingtoStore.release.xcconfig */ = {isa = PBXFileReference; includeInIndex = 1; lastKnownFileType = text.xcconfig; name = "Pods-SingtoStore.release.xcconfig"; path = "Pods/Target Support Files/Pods-SingtoStore/Pods-SingtoStore.release.xcconfig"; sourceTree = "<group>"; };
		AABEBB40E62B6CF7EA3DD0DF /* Pods_SingtoStore.framework */ = {isa = PBXFileReference; explicitFileType = wrapper.framework; includeInIndex = 0; path = Pods_SingtoStore.framework; sourceTree = BUILT_PRODUCTS_DIR; };
		CBA645D63271893B714C1DD5 /* Pods-SingtoStore.debug.xcconfig */ = {isa = PBXFileReference; includeInIndex = 1; lastKnownFileType = text.xcconfig; name = "Pods-SingtoStore.debug.xcconfig"; path = "Pods/Target Support Files/Pods-SingtoStore/Pods-SingtoStore.debug.xcconfig"; sourceTree = "<group>"; };
/* End PBXFileReference section */

/* Begin PBXFrameworksBuildPhase section */
		0928894B1DF26A5800A1DCEB /* Frameworks */ = {
			isa = PBXFrameworksBuildPhase;
			buildActionMask = 2147483647;
			files = (
				430008F5153A23603667FFE3 /* Pods_SingtoStore.framework in Frameworks */,
			);
			runOnlyForDeploymentPostprocessing = 0;
		};
/* End PBXFrameworksBuildPhase section */

/* Begin PBXGroup section */
		09059A381DF28CAA00DA572A /* SignIn&Register */ = {
			isa = PBXGroup;
			children = (
				09059A391DF28CDE00DA572A /* LoginVC.swift */,
				09059A3D1DF308FC00DA572A /* RegisterVC.swift */,
			);
			name = "SignIn&Register";
			sourceTree = "<group>";
		};
		09059A3F1DF3DD9300DA572A /* UserProfile */ = {
			isa = PBXGroup;
			children = (
				09059A421DF3DE0800DA572A /* EditUserProfileVC.swift */,
				09059A441DF3DF3400DA572A /* EditUserName.swift */,
				09059A461DF3DF7700DA572A /* EditPhoneNumber.swift */,
				09059A481DF3DFA600DA572A /* EditProfilePhoto.swift */,
			);
			name = UserProfile;
			sourceTree = "<group>";
		};
		09059A411DF3DDB500DA572A /* UserAddress */ = {
			isa = PBXGroup;
			children = (
				09059A4E1DF3F12D00DA572A /* Modal */,
				09059A4D1DF3F0FE00DA572A /* Controllers */,
				09059A4C1DF3F0DC00DA572A /* AddressCell */,
			);
			name = UserAddress;
			sourceTree = "<group>";
		};
		09059A4C1DF3F0DC00DA572A /* AddressCell */ = {
			isa = PBXGroup;
			children = (
				09059A531DF3F7FC00DA572A /* AddressCell.swift */,
			);
			name = AddressCell;
			sourceTree = "<group>";
		};
		09059A4D1DF3F0FE00DA572A /* Controllers */ = {
			isa = PBXGroup;
			children = (
				09059A551DF3F84700DA572A /* MyAddresses.swift */,
				09059A571DF3F88000DA572A /* EditFressAddress.swift */,
				09059A591DF3FA3900DA572A /* EditPostAddress.swift */,
				09059A5B1DF3FAD300DA572A /* AddPostAddress.swift */,
			);
			name = Controllers;
			sourceTree = "<group>";
		};
		09059A4E1DF3F12D00DA572A /* Modal */ = {
			isa = PBXGroup;
			children = (
				09059A4F1DF3F7B900DA572A /* FressAddress.swift */,
				09059A511DF3F7D500DA572A /* PostAddress.swift */,
			);
			name = Modal;
			sourceTree = "<group>";
		};
		092889451DF26A5800A1DCEB = {
			isa = PBXGroup;
			children = (
				092889501DF26A5800A1DCEB /* SingtoStore */,
				0928894F1DF26A5800A1DCEB /* Products */,
				9FD3BFA05A55176598DD3089 /* Pods */,
				E3B033DD299C24A312A4F990 /* Frameworks */,
			);
			sourceTree = "<group>";
		};
		0928894F1DF26A5800A1DCEB /* Products */ = {
			isa = PBXGroup;
			children = (
				0928894E1DF26A5800A1DCEB /* SingtoStore.app */,
			);
			name = Products;
			sourceTree = "<group>";
		};
		092889501DF26A5800A1DCEB /* SingtoStore */ = {
			isa = PBXGroup;
			children = (
				09059A381DF28CAA00DA572A /* SignIn&Register */,
				092889671DF26D0800A1DCEB /* Helper */,
				092889641DF26B6F00A1DCEB /* FourTabs */,
				092889631DF26A8800A1DCEB /* SingtoStore.entitlements */,
				092889511DF26A5800A1DCEB /* AppDelegate.swift */,
				092889531DF26A5800A1DCEB /* ViewController.swift */,
				092889551DF26A5800A1DCEB /* Main.storyboard */,
				092889581DF26A5800A1DCEB /* Assets.xcassets */,
				0928895A1DF26A5800A1DCEB /* LaunchScreen.storyboard */,
				093A25191DF546DF00C28592 /* GoogleService-Info.plist */,
				0928895D1DF26A5800A1DCEB /* Info.plist */,
			);
			path = SingtoStore;
			sourceTree = "<group>";
		};
		092889641DF26B6F00A1DCEB /* FourTabs */ = {
			isa = PBXGroup;
			children = (
				0928896D1DF26DA400A1DCEB /* Story */,
				0928896C1DF26D9100A1DCEB /* Product */,
				0928896B1DF26D8800A1DCEB /* Cart */,
				0928896A1DF26D8000A1DCEB /* Me */,
				092889651DF26B9F00A1DCEB /* Tabbar.swift */,
			);
			name = FourTabs;
			sourceTree = "<group>";
		};
		092889671DF26D0800A1DCEB /* Helper */ = {
			isa = PBXGroup;
			children = (
				092889681DF26D1500A1DCEB /* Tools.swift */,
				09059A361DF277C000DA572A /* DancingShoesViewController.swift */,
				09059A4A1DF3DFDD00DA572A /* MyIndicator.swift */,
			);
			name = Helper;
			sourceTree = "<group>";
		};
		0928896A1DF26D8000A1DCEB /* Me */ = {
			isa = PBXGroup;
			children = (
				096A64FF1DFBB12300EC5752 /* Favorite */,
				09059A411DF3DDB500DA572A /* UserAddress */,
				09059A3F1DF3DD9300DA572A /* UserProfile */,
				092889741DF26E4800A1DCEB /* MeTab.swift */,
			);
			name = Me;
			sourceTree = "<group>";
		};
		0928896B1DF26D8800A1DCEB /* Cart */ = {
			isa = PBXGroup;
			children = (
				0966D26A1DFD6719008588D3 /* Modal */,
				0966D2691DFD6710008588D3 /* Controller */,
				0966D2681DFD6709008588D3 /* View */,
			);
			name = Cart;
			sourceTree = "<group>";
		};
		0928896C1DF26D9100A1DCEB /* Product */ = {
			isa = PBXGroup;
			children = (
				096BF5711E00FF4F0061F59A /* CHECKOUTVIEW */,
				093A25291DF6AC5300C28592 /* DetailedProduct */,
				093A25261DF6517900C28592 /* CellView */,
				093A25211DF6512200C28592 /* Modal */,
				093A25201DF6510D00C28592 /* ViewController */,
				093A251B1DF6502D00C28592 /* ScrollTab */,
			);
			name = Product;
			sourceTree = "<group>";
		};
		0928896D1DF26DA400A1DCEB /* Story */ = {
			isa = PBXGroup;
			children = (
				0928896E1DF26E1200A1DCEB /* StoryTab.swift */,
			);
			name = Story;
			sourceTree = "<group>";
		};
		093A251B1DF6502D00C28592 /* ScrollTab */ = {
			isa = PBXGroup;
			children = (
				093A251C1DF6504900C28592 /* ScrollTab.swift */,
				093A251E1DF6508500C28592 /* ScrollViewControllers.swift */,
			);
			name = ScrollTab;
			sourceTree = "<group>";
		};
		093A25201DF6510D00C28592 /* ViewController */ = {
			isa = PBXGroup;
			children = (
				092889701DF26E2B00A1DCEB /* ProductTab.swift */,
				093A25271DF6525100C28592 /* CategoryProductsListView.swift */,
			);
			name = ViewController;
			sourceTree = "<group>";
		};
		093A25211DF6512200C28592 /* Modal */ = {
			isa = PBXGroup;
			children = (
				093A25221DF6513A00C28592 /* ShortProduct.swift */,
			);
			name = Modal;
			sourceTree = "<group>";
		};
		093A25261DF6517900C28592 /* CellView */ = {
			isa = PBXGroup;
			children = (
				093A25241DF6517000C28592 /* ShortProductCollectionViewCell.swift */,
			);
			name = CellView;
			sourceTree = "<group>";
		};
		093A25291DF6AC5300C28592 /* DetailedProduct */ = {
			isa = PBXGroup;
			children = (
				093A252E1DF6ACAD00C28592 /* Views */,
				093A252D1DF6ACA500C28592 /* Modal */,
				093A252C1DF6AC9B00C28592 /* Controller */,
			);
			name = DetailedProduct;
			sourceTree = "<group>";
		};
		093A252C1DF6AC9B00C28592 /* Controller */ = {
			isa = PBXGroup;
			children = (
				093A252F1DF6ADC000C28592 /* DetailProductViewController.swift */,
				096A64FD1DFAEB8200EC5752 /* DetailProductViewExt.swift */,
			);
			name = Controller;
			sourceTree = "<group>";
		};
		093A252D1DF6ACA500C28592 /* Modal */ = {
			isa = PBXGroup;
			children = (
				093A25311DF6B1F300C28592 /* DetailProduct.swift */,
			);
			name = Modal;
			sourceTree = "<group>";
		};
		093A252E1DF6ACAD00C28592 /* Views */ = {
			isa = PBXGroup;
			children = (
				093A25331DF6B52C00C28592 /* CarouselView.swift */,
				09429F1C1DF7C15E00EF69B6 /* ColorSizeCell.swift */,
				093A25351DF6B58E00C28592 /* CarouselCell.swift */,
				093A25371DF6BF7600C28592 /* MiddleView.swift */,
				09429F1A1DF7C06100EF69B6 /* ColorSizeCollectionView.swift */,
				095601621DF99E20000B4DF4 /* InfoView.swift */,
			);
			name = Views;
			sourceTree = "<group>";
		};
		0966D2681DFD6709008588D3 /* View */ = {
			isa = PBXGroup;
			children = (
				0966D26D1DFD6DA4008588D3 /* CartCell.swift */,
			);
			name = View;
			sourceTree = "<group>";
		};
		0966D2691DFD6710008588D3 /* Controller */ = {
			isa = PBXGroup;
			children = (
				092889721DF26E3B00A1DCEB /* CartTab.swift */,
			);
			name = Controller;
			sourceTree = "<group>";
		};
		0966D26A1DFD6719008588D3 /* Modal */ = {
			isa = PBXGroup;
			children = (
				0966D26B1DFD679B008588D3 /* CartPrd.swift */,
			);
			name = Modal;
			sourceTree = "<group>";
		};
		096A64FF1DFBB12300EC5752 /* Favorite */ = {
			isa = PBXGroup;
			children = (
				096A65021DFBB16300EC5752 /* Modal */,
				096A65011DFBB14400EC5752 /* View */,
				096A65001DFBB13300EC5752 /* FavoriteVC */,
			);
			name = Favorite;
			sourceTree = "<group>";
		};
		096A65001DFBB13300EC5752 /* FavoriteVC */ = {
			isa = PBXGroup;
			children = (
				096A65091DFBBBD100EC5752 /* FavoriteVC.swift */,
			);
			name = FavoriteVC;
			sourceTree = "<group>";
		};
		096A65011DFBB14400EC5752 /* View */ = {
			isa = PBXGroup;
			children = (
				096A65071DFBB79D00EC5752 /* FavoritePrdCell.swift */,
			);
			name = View;
			sourceTree = "<group>";
		};
		096A65021DFBB16300EC5752 /* Modal */ = {
			isa = PBXGroup;
			children = (
				096A65031DFBB18800EC5752 /* FavoritePrd.swift */,
			);
			name = Modal;
			sourceTree = "<group>";
		};
		096BF5711E00FF4F0061F59A /* CHECKOUTVIEW */ = {
			isa = PBXGroup;
			children = (
				096BF5721E00FF840061F59A /* CheckOutVC.swift */,
				096BF5741E010C5F0061F59A /* AddressCard.swift */,
				096BF5761E0124C20061F59A /* StepperView.swift */,
			);
			name = CHECKOUTVIEW;
			sourceTree = "<group>";
		};
		9FD3BFA05A55176598DD3089 /* Pods */ = {
			isa = PBXGroup;
			children = (
				CBA645D63271893B714C1DD5 /* Pods-SingtoStore.debug.xcconfig */,
				98F3A6A83D5D930B0F2D357D /* Pods-SingtoStore.release.xcconfig */,
			);
			name = Pods;
			sourceTree = "<group>";
		};
		E3B033DD299C24A312A4F990 /* Frameworks */ = {
			isa = PBXGroup;
			children = (
				AABEBB40E62B6CF7EA3DD0DF /* Pods_SingtoStore.framework */,
			);
			name = Frameworks;
			sourceTree = "<group>";
		};
/* End PBXGroup section */

/* Begin PBXNativeTarget section */
		0928894D1DF26A5800A1DCEB /* SingtoStore */ = {
			isa = PBXNativeTarget;
			buildConfigurationList = 092889601DF26A5800A1DCEB /* Build configuration list for PBXNativeTarget "SingtoStore" */;
			buildPhases = (
				88C282C55F8F171FFD0214C6 /* [CP] Check Pods Manifest.lock */,
				0928894A1DF26A5800A1DCEB /* Sources */,
				0928894B1DF26A5800A1DCEB /* Frameworks */,
				0928894C1DF26A5800A1DCEB /* Resources */,
				572F55093A82F2A116DEA192 /* [CP] Embed Pods Frameworks */,
				AA616555D673ED9A0CD02B02 /* [CP] Copy Pods Resources */,
			);
			buildRules = (
			);
			dependencies = (
			);
			name = SingtoStore;
			productName = SingtoStore;
			productReference = 0928894E1DF26A5800A1DCEB /* SingtoStore.app */;
			productType = "com.apple.product-type.application";
		};
/* End PBXNativeTarget section */

/* Begin PBXProject section */
		092889461DF26A5800A1DCEB /* Project object */ = {
			isa = PBXProject;
			attributes = {
				LastSwiftUpdateCheck = 0800;
				LastUpgradeCheck = 0800;
				ORGANIZATIONNAME = Singto;
				TargetAttributes = {
					0928894D1DF26A5800A1DCEB = {
						CreatedOnToolsVersion = 8.0;
						DevelopmentTeam = E83K3DESG7;
						ProvisioningStyle = Automatic;
						SystemCapabilities = {
							com.apple.Keychain = {
								enabled = 1;
							};
						};
					};
				};
			};
			buildConfigurationList = 092889491DF26A5800A1DCEB /* Build configuration list for PBXProject "SingtoStore" */;
			compatibilityVersion = "Xcode 3.2";
			developmentRegion = English;
			hasScannedForEncodings = 0;
			knownRegions = (
				en,
				Base,
			);
			mainGroup = 092889451DF26A5800A1DCEB;
			productRefGroup = 0928894F1DF26A5800A1DCEB /* Products */;
			projectDirPath = "";
			projectRoot = "";
			targets = (
				0928894D1DF26A5800A1DCEB /* SingtoStore */,
			);
		};
/* End PBXProject section */

/* Begin PBXResourcesBuildPhase section */
		0928894C1DF26A5800A1DCEB /* Resources */ = {
			isa = PBXResourcesBuildPhase;
			buildActionMask = 2147483647;
			files = (
				0928895C1DF26A5800A1DCEB /* LaunchScreen.storyboard in Resources */,
				092889591DF26A5800A1DCEB /* Assets.xcassets in Resources */,
				093A251A1DF546DF00C28592 /* GoogleService-Info.plist in Resources */,
				092889571DF26A5800A1DCEB /* Main.storyboard in Resources */,
			);
			runOnlyForDeploymentPostprocessing = 0;
		};
/* End PBXResourcesBuildPhase section */

/* Begin PBXShellScriptBuildPhase section */
		572F55093A82F2A116DEA192 /* [CP] Embed Pods Frameworks */ = {
			isa = PBXShellScriptBuildPhase;
			buildActionMask = 2147483647;
			files = (
			);
			inputPaths = (
			);
			name = "[CP] Embed Pods Frameworks";
			outputPaths = (
			);
			runOnlyForDeploymentPostprocessing = 0;
			shellPath = /bin/sh;
			shellScript = "\"${SRCROOT}/Pods/Target Support Files/Pods-SingtoStore/Pods-SingtoStore-frameworks.sh\"\n";
			showEnvVarsInLog = 0;
		};
		88C282C55F8F171FFD0214C6 /* [CP] Check Pods Manifest.lock */ = {
			isa = PBXShellScriptBuildPhase;
			buildActionMask = 2147483647;
			files = (
			);
			inputPaths = (
			);
			name = "[CP] Check Pods Manifest.lock";
			outputPaths = (
			);
			runOnlyForDeploymentPostprocessing = 0;
			shellPath = /bin/sh;
			shellScript = "diff \"${PODS_ROOT}/../Podfile.lock\" \"${PODS_ROOT}/Manifest.lock\" > /dev/null\nif [ $? != 0 ] ; then\n    # print error to STDERR\n    echo \"error: The sandbox is not in sync with the Podfile.lock. Run 'pod install' or update your CocoaPods installation.\" >&2\n    exit 1\nfi\n";
			showEnvVarsInLog = 0;
		};
		AA616555D673ED9A0CD02B02 /* [CP] Copy Pods Resources */ = {
			isa = PBXShellScriptBuildPhase;
			buildActionMask = 2147483647;
			files = (
			);
			inputPaths = (
			);
			name = "[CP] Copy Pods Resources";
			outputPaths = (
			);
			runOnlyForDeploymentPostprocessing = 0;
			shellPath = /bin/sh;
			shellScript = "\"${SRCROOT}/Pods/Target Support Files/Pods-SingtoStore/Pods-SingtoStore-resources.sh\"\n";
			showEnvVarsInLog = 0;
		};
/* End PBXShellScriptBuildPhase section */

/* Begin PBXSourcesBuildPhase section */
		0928894A1DF26A5800A1DCEB /* Sources */ = {
			isa = PBXSourcesBuildPhase;
			buildActionMask = 2147483647;
			files = (
				093A25231DF6513A00C28592 /* ShortProduct.swift in Sources */,
				0966D26E1DFD6DA4008588D3 /* CartCell.swift in Sources */,
				09059A501DF3F7B900DA572A /* FressAddress.swift in Sources */,
				096BF5731E00FF840061F59A /* CheckOutVC.swift in Sources */,
				092889661DF26B9F00A1DCEB /* Tabbar.swift in Sources */,
				09059A451DF3DF3400DA572A /* EditUserName.swift in Sources */,
				096A650A1DFBBBD100EC5752 /* FavoriteVC.swift in Sources */,
				093A251F1DF6508500C28592 /* ScrollViewControllers.swift in Sources */,
				09059A431DF3DE0800DA572A /* EditUserProfileVC.swift in Sources */,
				09059A561DF3F84700DA572A /* MyAddresses.swift in Sources */,
				096A65081DFBB79D00EC5752 /* FavoritePrdCell.swift in Sources */,
				092889541DF26A5800A1DCEB /* ViewController.swift in Sources */,
				092889521DF26A5800A1DCEB /* AppDelegate.swift in Sources */,
				09059A471DF3DF7700DA572A /* EditPhoneNumber.swift in Sources */,
				093A25281DF6525100C28592 /* CategoryProductsListView.swift in Sources */,
				093A25361DF6B58E00C28592 /* CarouselCell.swift in Sources */,
				09059A541DF3F7FC00DA572A /* AddressCell.swift in Sources */,
				0966D26C1DFD679B008588D3 /* CartPrd.swift in Sources */,
				092889711DF26E2B00A1DCEB /* ProductTab.swift in Sources */,
				09059A5A1DF3FA3900DA572A /* EditPostAddress.swift in Sources */,
				096BF5751E010C5F0061F59A /* AddressCard.swift in Sources */,
				09059A3E1DF308FC00DA572A /* RegisterVC.swift in Sources */,
				095601631DF99E20000B4DF4 /* InfoView.swift in Sources */,
				09059A581DF3F88000DA572A /* EditFressAddress.swift in Sources */,
				09059A491DF3DFA600DA572A /* EditProfilePhoto.swift in Sources */,
				09059A3A1DF28CDE00DA572A /* LoginVC.swift in Sources */,
				093A25301DF6ADC000C28592 /* DetailProductViewController.swift in Sources */,
				093A25251DF6517000C28592 /* ShortProductCollectionViewCell.swift in Sources */,
				092889691DF26D1500A1DCEB /* Tools.swift in Sources */,
				093A25341DF6B52C00C28592 /* CarouselView.swift in Sources */,
				096A65041DFBB18800EC5752 /* FavoritePrd.swift in Sources */,
				096BF5771E0124C20061F59A /* StepperView.swift in Sources */,
				093A251D1DF6504900C28592 /* ScrollTab.swift in Sources */,
				0928896F1DF26E1200A1DCEB /* StoryTab.swift in Sources */,
				09429F1D1DF7C15E00EF69B6 /* ColorSizeCell.swift in Sources */,
				09059A371DF277C000DA572A /* DancingShoesViewController.swift in Sources */,
				092889731DF26E3B00A1DCEB /* CartTab.swift in Sources */,
				092889751DF26E4800A1DCEB /* MeTab.swift in Sources */,
				09059A521DF3F7D500DA572A /* PostAddress.swift in Sources */,
				09059A5C1DF3FAD300DA572A /* AddPostAddress.swift in Sources */,
				096A64FE1DFAEB8200EC5752 /* DetailProductViewExt.swift in Sources */,
				093A25381DF6BF7600C28592 /* MiddleView.swift in Sources */,
				093A25321DF6B1F300C28592 /* DetailProduct.swift in Sources */,
				09059A4B1DF3DFDD00DA572A /* MyIndicator.swift in Sources */,
				09429F1B1DF7C06100EF69B6 /* ColorSizeCollectionView.swift in Sources */,
			);
			runOnlyForDeploymentPostprocessing = 0;
		};
/* End PBXSourcesBuildPhase section */

/* Begin PBXVariantGroup section */
		092889551DF26A5800A1DCEB /* Main.storyboard */ = {
			isa = PBXVariantGroup;
			children = (
				092889561DF26A5800A1DCEB /* Base */,
			);
			name = Main.storyboard;
			sourceTree = "<group>";
		};
		0928895A1DF26A5800A1DCEB /* LaunchScreen.storyboard */ = {
			isa = PBXVariantGroup;
			children = (
				0928895B1DF26A5800A1DCEB /* Base */,
			);
			name = LaunchScreen.storyboard;
			sourceTree = "<group>";
		};
/* End PBXVariantGroup section */

/* Begin XCBuildConfiguration section */
		0928895E1DF26A5800A1DCEB /* Debug */ = {
			isa = XCBuildConfiguration;
			buildSettings = {
				ALWAYS_SEARCH_USER_PATHS = NO;
				CLANG_ANALYZER_NONNULL = YES;
				CLANG_CXX_LANGUAGE_STANDARD = "gnu++0x";
				CLANG_CXX_LIBRARY = "libc++";
				CLANG_ENABLE_MODULES = YES;
				CLANG_ENABLE_OBJC_ARC = YES;
				CLANG_WARN_BOOL_CONVERSION = YES;
				CLANG_WARN_CONSTANT_CONVERSION = YES;
				CLANG_WARN_DIRECT_OBJC_ISA_USAGE = YES_ERROR;
				CLANG_WARN_DOCUMENTATION_COMMENTS = YES;
				CLANG_WARN_EMPTY_BODY = YES;
				CLANG_WARN_ENUM_CONVERSION = YES;
				CLANG_WARN_INFINITE_RECURSION = YES;
				CLANG_WARN_INT_CONVERSION = YES;
				CLANG_WARN_OBJC_ROOT_CLASS = YES_ERROR;
				CLANG_WARN_SUSPICIOUS_MOVE = YES;
				CLANG_WARN_SUSPICIOUS_MOVES = YES;
				CLANG_WARN_UNREACHABLE_CODE = YES;
				CLANG_WARN__DUPLICATE_METHOD_MATCH = YES;
				"CODE_SIGN_IDENTITY[sdk=iphoneos*]" = "iPhone Developer";
				COPY_PHASE_STRIP = NO;
				DEBUG_INFORMATION_FORMAT = dwarf;
				ENABLE_STRICT_OBJC_MSGSEND = YES;
				ENABLE_TESTABILITY = YES;
				GCC_C_LANGUAGE_STANDARD = gnu99;
				GCC_DYNAMIC_NO_PIC = NO;
				GCC_NO_COMMON_BLOCKS = YES;
				GCC_OPTIMIZATION_LEVEL = 0;
				GCC_PREPROCESSOR_DEFINITIONS = (
					"DEBUG=1",
					"$(inherited)",
				);
				GCC_WARN_64_TO_32_BIT_CONVERSION = YES;
				GCC_WARN_ABOUT_RETURN_TYPE = YES_ERROR;
				GCC_WARN_UNDECLARED_SELECTOR = YES;
				GCC_WARN_UNINITIALIZED_AUTOS = YES_AGGRESSIVE;
				GCC_WARN_UNUSED_FUNCTION = YES;
				GCC_WARN_UNUSED_VARIABLE = YES;
				IPHONEOS_DEPLOYMENT_TARGET = 9.3;
				MTL_ENABLE_DEBUG_INFO = YES;
				ONLY_ACTIVE_ARCH = YES;
				SDKROOT = iphoneos;
				SWIFT_ACTIVE_COMPILATION_CONDITIONS = DEBUG;
				SWIFT_OPTIMIZATION_LEVEL = "-Onone";
			};
			name = Debug;
		};
		0928895F1DF26A5800A1DCEB /* Release */ = {
			isa = XCBuildConfiguration;
			buildSettings = {
				ALWAYS_SEARCH_USER_PATHS = NO;
				CLANG_ANALYZER_NONNULL = YES;
				CLANG_CXX_LANGUAGE_STANDARD = "gnu++0x";
				CLANG_CXX_LIBRARY = "libc++";
				CLANG_ENABLE_MODULES = YES;
				CLANG_ENABLE_OBJC_ARC = YES;
				CLANG_WARN_BOOL_CONVERSION = YES;
				CLANG_WARN_CONSTANT_CONVERSION = YES;
				CLANG_WARN_DIRECT_OBJC_ISA_USAGE = YES_ERROR;
				CLANG_WARN_DOCUMENTATION_COMMENTS = YES;
				CLANG_WARN_EMPTY_BODY = YES;
				CLANG_WARN_ENUM_CONVERSION = YES;
				CLANG_WARN_INFINITE_RECURSION = YES;
				CLANG_WARN_INT_CONVERSION = YES;
				CLANG_WARN_OBJC_ROOT_CLASS = YES_ERROR;
				CLANG_WARN_SUSPICIOUS_MOVE = YES;
				CLANG_WARN_SUSPICIOUS_MOVES = YES;
				CLANG_WARN_UNREACHABLE_CODE = YES;
				CLANG_WARN__DUPLICATE_METHOD_MATCH = YES;
				"CODE_SIGN_IDENTITY[sdk=iphoneos*]" = "iPhone Developer";
				COPY_PHASE_STRIP = NO;
				DEBUG_INFORMATION_FORMAT = "dwarf-with-dsym";
				ENABLE_NS_ASSERTIONS = NO;
				ENABLE_STRICT_OBJC_MSGSEND = YES;
				GCC_C_LANGUAGE_STANDARD = gnu99;
				GCC_NO_COMMON_BLOCKS = YES;
				GCC_WARN_64_TO_32_BIT_CONVERSION = YES;
				GCC_WARN_ABOUT_RETURN_TYPE = YES_ERROR;
				GCC_WARN_UNDECLARED_SELECTOR = YES;
				GCC_WARN_UNINITIALIZED_AUTOS = YES_AGGRESSIVE;
				GCC_WARN_UNUSED_FUNCTION = YES;
				GCC_WARN_UNUSED_VARIABLE = YES;
				IPHONEOS_DEPLOYMENT_TARGET = 9.3;
				MTL_ENABLE_DEBUG_INFO = NO;
				SDKROOT = iphoneos;
				SWIFT_OPTIMIZATION_LEVEL = "-Owholemodule";
				VALIDATE_PRODUCT = YES;
			};
			name = Release;
		};
		092889611DF26A5800A1DCEB /* Debug */ = {
			isa = XCBuildConfiguration;
			baseConfigurationReference = CBA645D63271893B714C1DD5 /* Pods-SingtoStore.debug.xcconfig */;
			buildSettings = {
				ASSETCATALOG_COMPILER_APPICON_NAME = AppIcon;
				CODE_SIGN_ENTITLEMENTS = SingtoStore/SingtoStore.entitlements;
				DEVELOPMENT_TEAM = E83K3DESG7;
				INFOPLIST_FILE = SingtoStore/Info.plist;
				IPHONEOS_DEPLOYMENT_TARGET = 9.3;
				LD_RUNPATH_SEARCH_PATHS = "$(inherited) @executable_path/Frameworks";
				PRODUCT_BUNDLE_IDENTIFIER = store.singto.SingtoStore;
				PRODUCT_NAME = "$(TARGET_NAME)";
				SWIFT_VERSION = 3.0;
			};
			name = Debug;
		};
		092889621DF26A5800A1DCEB /* Release */ = {
			isa = XCBuildConfiguration;
			baseConfigurationReference = 98F3A6A83D5D930B0F2D357D /* Pods-SingtoStore.release.xcconfig */;
			buildSettings = {
				ASSETCATALOG_COMPILER_APPICON_NAME = AppIcon;
				CODE_SIGN_ENTITLEMENTS = SingtoStore/SingtoStore.entitlements;
				DEVELOPMENT_TEAM = E83K3DESG7;
				INFOPLIST_FILE = SingtoStore/Info.plist;
				IPHONEOS_DEPLOYMENT_TARGET = 9.3;
				LD_RUNPATH_SEARCH_PATHS = "$(inherited) @executable_path/Frameworks";
				PRODUCT_BUNDLE_IDENTIFIER = store.singto.SingtoStore;
				PRODUCT_NAME = "$(TARGET_NAME)";
				SWIFT_VERSION = 3.0;
			};
			name = Release;
		};
/* End XCBuildConfiguration section */

/* Begin XCConfigurationList section */
		092889491DF26A5800A1DCEB /* Build configuration list for PBXProject "SingtoStore" */ = {
			isa = XCConfigurationList;
			buildConfigurations = (
				0928895E1DF26A5800A1DCEB /* Debug */,
				0928895F1DF26A5800A1DCEB /* Release */,
			);
			defaultConfigurationIsVisible = 0;
			defaultConfigurationName = Release;
		};
		092889601DF26A5800A1DCEB /* Build configuration list for PBXNativeTarget "SingtoStore" */ = {
			isa = XCConfigurationList;
			buildConfigurations = (
				092889611DF26A5800A1DCEB /* Debug */,
				092889621DF26A5800A1DCEB /* Release */,
			);
			defaultConfigurationIsVisible = 0;
			defaultConfigurationName = Release;
		};
/* End XCConfigurationList section */
	};
	rootObject = 092889461DF26A5800A1DCEB /* Project object */;
}
